{
  "originHash" : "5157ba7d0415922a18e744ad0d4cc7a8e46713b925b45ca0b4105bc4923c3c76",
  "pins" : [
    {
      "identity" : "e5data",
      "kind" : "remoteSourceControl",
      "location" : "https://github.com/mr-elbe5/E5Data",
      "state" : {
        "revision" : "779fe8873c41c5895fedf163331d1436eaaaa60c",
        "version" : "1.0.27"
      }
    },
    {
      "identity" : "e5photolib",
      "kind" : "remoteSourceControl",
      "location" : "https://github.com/mr-elbe5/E5PhotoLib",
      "state" : {
        "revision" : "4f7211f70869988eb3ea6aa05c497ad8edb23413",
        "version" : "1.0.10"
      }
    },
    {
      "identity" : "zip",
      "kind" : "remoteSourceControl",
      "location" : "https://github.com/marmelroy/Zip",
      "state" : {
        "revision" : "67fa55813b9e7b3b9acee9c0ae501def28746d76",
        "version" : "2.1.2"
      }
    }
  ],
  "version" : 3
}
