{
  "originHash" : "13e70821e0eb10368073d544bc621ac7a58957131b56fc50b1b11c3cd4ed9476",
  "pins" : [
    {
      "identity" : "e5data",
      "kind" : "remoteSourceControl",
      "location" : "https://git.elbe5cloud.de/miro/E5Data",
      "state" : {
        "revision" : "8ba99d270237643d3bfd81cf9e259dc93e06fbd6",
        "version" : "1.0.15"
      }
    },
    {
      "identity" : "e5photolib",
      "kind" : "remoteSourceControl",
      "location" : "https://git.elbe5cloud.de/miro/E5PhotoLib",
      "state" : {
        "revision" : "d568867b6be2bdc5460b809aa62468203b3bc5ec",
        "version" : "1.0.0"
      }
    },
    {
      "identity" : "zip",
      "kind" : "remoteSourceControl",
      "location" : "https://github.com/marmelroy/Zip",
      "state" : {
        "revision" : "67fa55813b9e7b3b9acee9c0ae501def28746d76",
        "version" : "2.1.2"
      }
    }
  ],
  "version" : 3
}
